
Microsoft Visual Studio Solution File, Format Version 12.00
# Visual Studio 2013
VisualStudioVersion = 12.0.30723.0
MinimumVisualStudioVersion = 10.0.40219.1
Project("{CC5FD16D-436D-48AD-A40C-5A424C6E3E79}") = "FarmCloud", "FarmCloud\FarmCloud.ccproj", "{DFBA8FBE-91D8-4326-9A8B-DF9199B51749}"
EndProject
Project("{FAE04EC0-301F-11D3-BF4B-00C04F79EFBC}") = "WebRole1", "WebRole1\WebRole1.csproj", "{5ED826CD-3CF4-4D61-9759-D94690836A4B}"
EndProject
Global
	GlobalSection(SolutionConfigurationPlatforms) = preSolution
		Debug|Any CPU = Debug|Any CPU
		Release|Any CPU = Release|Any CPU
	EndGlobalSection
	GlobalSection(ProjectConfigurationPlatforms) = postSolution
		{DFBA8FBE-91D8-4326-9A8B-DF9199B51749}.Debug|Any CPU.ActiveCfg = Debug|Any CPU
		{DFBA8FBE-91D8-4326-9A8B-DF9199B51749}.Debug|Any CPU.Build.0 = Debug|Any CPU
		{DFBA8FBE-91D8-4326-9A8B-DF9199B51749}.Release|Any CPU.ActiveCfg = Release|Any CPU
		{DFBA8FBE-91D8-4326-9A8B-DF9199B51749}.Release|Any CPU.Build.0 = Release|Any CPU
		{5ED826CD-3CF4-4D61-9759-D94690836A4B}.Debug|Any CPU.ActiveCfg = Debug|Any CPU
		{5ED826CD-3CF4-4D61-9759-D94690836A4B}.Debug|Any CPU.Build.0 = Debug|Any CPU
		{5ED826CD-3CF4-4D61-9759-D94690836A4B}.Release|Any CPU.ActiveCfg = Release|Any CPU
		{5ED826CD-3CF4-4D61-9759-D94690836A4B}.Release|Any CPU.Build.0 = Release|Any CPU
	EndGlobalSection
	GlobalSection(SolutionProperties) = preSolution
		HideSolutionNode = FALSE
	EndGlobalSection
EndGlobal
